
Microsoft Visual Studio Solution File, Format Version 12.00
# Visual Studio 15
VisualStudioVersion = 15.0.28307.1145
MinimumVisualStudioVersion = 10.0.40219.1
Project("{9A19103F-16F7-4668-BE54-9A1E7A4F7556}") = "BuildCompleteEcommerceWithASPNETCoreMVC", "BuildCompleteEcommerceWithASPNETCoreMVC\BuildCompleteEcommerceWithASPNETCoreMVC.csproj", "{5C00EAFF-7DCB-4C78-8564-86DA8CBD051E}"
EndProject
Global
	GlobalSection(SolutionConfigurationPlatforms) = preSolution
		Debug|Any CPU = Debug|Any CPU
		Release|Any CPU = Release|Any CPU
	EndGlobalSection
	GlobalSection(ProjectConfigurationPlatforms) = postSolution
		{5C00EAFF-7DCB-4C78-8564-86DA8CBD051E}.Debug|Any CPU.ActiveCfg = Debug|Any CPU
		{5C00EAFF-7DCB-4C78-8564-86DA8CBD051E}.Debug|Any CPU.Build.0 = Debug|Any CPU
		{5C00EAFF-7DCB-4C78-8564-86DA8CBD051E}.Release|Any CPU.ActiveCfg = Release|Any CPU
		{5C00EAFF-7DCB-4C78-8564-86DA8CBD051E}.Release|Any CPU.Build.0 = Release|Any CPU
	EndGlobalSection
	GlobalSection(SolutionProperties) = preSolution
		HideSolutionNode = FALSE
	EndGlobalSection
	GlobalSection(ExtensibilityGlobals) = postSolution
		SolutionGuid = {C4BF2D66-BA4C-43CA-B492-4CCB9DBE39E0}
	EndGlobalSection
EndGlobal
